// !$*UTF8*$!
{
	archiveVersion = 1;
	classes = {
	};
	objectVersion = 77;
	objects = {

/* Begin PBXContainerItemProxy section */
		9EBA126F2DE3ACB8006374A0 /* PBXContainerItemProxy */ = {
			isa = PBXContainerItemProxy;
			containerPortal = 9EBA12592DE3ACB3006374A0 /* Project object */;
			proxyType = 1;
			remoteGlobalIDString = 9EBA12602DE3ACB3006374A0;
			remoteInfo = ColorCalc;
		};
		9EBA12792DE3ACB8006374A0 /* PBXContainerItemProxy */ = {
			isa = PBXContainerItemProxy;
			containerPortal = 9EBA12592DE3ACB3006374A0 /* Project object */;
			proxyType = 1;
			remoteGlobalIDString = 9EBA12602DE3ACB3006374A0;
			remoteInfo = ColorCalc;
		};
/* End PBXContainerItemProxy section */

/* Begin PBXFileReference section */
		9EBA12612DE3ACB3006374A0 /* ColorCalc.app */ = {isa = PBXFileReference; explicitFileType = wrapper.application; includeInIndex = 0; path = ColorCalc.app; sourceTree = BUILT_PRODUCTS_DIR; };
		9EBA126E2DE3ACB8006374A0 /* ColorCalcTests.xctest */ = {isa = PBXFileReference; explicitFileType = wrapper.cfbundle; includeInIndex = 0; path = ColorCalcTests.xctest; sourceTree = BUILT_PRODUCTS_DIR; };
		9EBA12782DE3ACB8006374A0 /* ColorCalcUITests.xctest */ = {isa = PBXFileReference; explicitFileType = wrapper.cfbundle; includeInIndex = 0; path = ColorCalcUITests.xctest; sourceTree = BUILT_PRODUCTS_DIR; };
/* End PBXFileReference section */

/* Begin PBXFileSystemSynchronizedRootGroup section */
		9EBA12632DE3ACB3006374A0 /* ColorCalc */ = {
			isa = PBXFileSystemSynchronizedRootGroup;
			path = ColorCalc;
			sourceTree = "<group>";
		};
		9EBA12712DE3ACB8006374A0 /* ColorCalcTests */ = {
			isa = PBXFileSystemSynchronizedRootGroup;
			path = ColorCalcTests;
			sourceTree = "<group>";
		};
		9EBA127B2DE3ACB8006374A0 /* ColorCalcUITests */ = {
			isa = PBXFileSystemSynchronizedRootGroup;
			path = ColorCalcUITests;
			sourceTree = "<group>";
		};
/* End PBXFileSystemSynchronizedRootGroup section */

/* Begin PBXFrameworksBuildPhase section */
		9EBA125E2DE3ACB3006374A0 /* Frameworks */ = {
			isa = PBXFrameworksBuildPhase;
			buildActionMask = 2147483647;
			files = (
			);
			runOnlyForDeploymentPostprocessing = 0;
		};
		9EBA126B2DE3ACB8006374A0 /* Frameworks */ = {
			isa = PBXFrameworksBuildPhase;
			buildActionMask = 2147483647;
			files = (
			);
			runOnlyForDeploymentPostprocessing = 0;
		};
		9EBA12752DE3ACB8006374A0 /* Frameworks */ = {
			isa = PBXFrameworksBuildPhase;
			buildActionMask = 2147483647;
			files = (
			);
			runOnlyForDeploymentPostprocessing = 0;
		};
/* End PBXFrameworksBuildPhase section */

/* Begin PBXGroup section */
		9EBA12582DE3ACB3006374A0 = {
			isa = PBXGroup;
			children = (
				9EBA12632DE3ACB3006374A0 /* ColorCalc */,
				9EBA12712DE3ACB8006374A0 /* ColorCalcTests */,
				9EBA127B2DE3ACB8006374A0 /* ColorCalcUITests */,
				9EBA12622DE3ACB3006374A0 /* Products */,
			);
			sourceTree = "<group>";
		};
		9EBA12622DE3ACB3006374A0 /* Products */ = {
			isa = PBXGroup;
			children = (
				9EBA12612DE3ACB3006374A0 /* ColorCalc.app */,
				9EBA126E2DE3ACB8006374A0 /* ColorCalcTests.xctest */,
				9EBA12782DE3ACB8006374A0 /* ColorCalcUITests.xctest */,
			);
			name = Products;
			sourceTree = "<group>";
		};
/* End PBXGroup section */

/* Begin PBXNativeTarget section */
		9EBA12602DE3ACB3006374A0 /* ColorCalc */ = {
			isa = PBXNativeTarget;
			buildConfigurationList = 9EBA12822DE3ACB9006374A0 /* Build configuration list for PBXNativeTarget "ColorCalc" */;
			buildPhases = (
				9EBA125D2DE3ACB3006374A0 /* Sources */,
				9EBA125E2DE3ACB3006374A0 /* Frameworks */,
				9EBA125F2DE3ACB3006374A0 /* Resources */,
			);
			buildRules = (
			);
			dependencies = (
			);
			fileSystemSynchronizedGroups = (
				9EBA12632DE3ACB3006374A0 /* ColorCalc */,
			);
			name = ColorCalc;
			packageProductDependencies = (
			);
			productName = ColorCalc;
			productReference = 9EBA12612DE3ACB3006374A0 /* ColorCalc.app */;
			productType = "com.apple.product-type.application";
		};
		9EBA126D2DE3ACB8006374A0 /* ColorCalcTests */ = {
			isa = PBXNativeTarget;
			buildConfigurationList = 9EBA12852DE3ACB9006374A0 /* Build configuration list for PBXNativeTarget "ColorCalcTests" */;
			buildPhases = (
				9EBA126A2DE3ACB8006374A0 /* Sources */,
				9EBA126B2DE3ACB8006374A0 /* Frameworks */,
				9EBA126C2DE3ACB8006374A0 /* Resources */,
			);
			buildRules = (
			);
			dependencies = (
				9EBA12702DE3ACB8006374A0 /* PBXTargetDependency */,
			);
			fileSystemSynchronizedGroups = (
				9EBA12712DE3ACB8006374A0 /* ColorCalcTests */,
			);
			name = ColorCalcTests;
			packageProductDependencies = (
			);
			productName = ColorCalcTests;
			productReference = 9EBA126E2DE3ACB8006374A0 /* ColorCalcTests.xctest */;
			productType = "com.apple.product-type.bundle.unit-test";
		};
		9EBA12772DE3ACB8006374A0 /* ColorCalcUITests */ = {
			isa = PBXNativeTarget;
			buildConfigurationList = 9EBA12882DE3ACB9006374A0 /* Build configuration list for PBXNativeTarget "ColorCalcUITests" */;
			buildPhases = (
				9EBA12742DE3ACB8006374A0 /* Sources */,
				9EBA12752DE3ACB8006374A0 /* Frameworks */,
				9EBA12762DE3ACB8006374A0 /* Resources */,
			);
			buildRules = (
			);
			dependencies = (
				9EBA127A2DE3ACB8006374A0 /* PBXTargetDependency */,
			);
			fileSystemSynchronizedGroups = (
				9EBA127B2DE3ACB8006374A0 /* ColorCalcUITests */,
			);
			name = ColorCalcUITests;
			packageProductDependencies = (
			);
			productName = ColorCalcUITests;
			productReference = 9EBA12782DE3ACB8006374A0 /* ColorCalcUITests.xctest */;
			productType = "com.apple.product-type.bundle.ui-testing";
		};
/* End PBXNativeTarget section */

/* Begin PBXProject section */
		9EBA12592DE3ACB3006374A0 /* Project object */ = {
			isa = PBXProject;
			attributes = {
				BuildIndependentTargetsInParallel = 1;
				LastSwiftUpdateCheck = 1630;
				LastUpgradeCheck = 1630;
				TargetAttributes = {
					9EBA12602DE3ACB3006374A0 = {
						CreatedOnToolsVersion = 16.3;
					};
					9EBA126D2DE3ACB8006374A0 = {
						CreatedOnToolsVersion = 16.3;
						TestTargetID = 9EBA12602DE3ACB3006374A0;
					};
					9EBA12772DE3ACB8006374A0 = {
						CreatedOnToolsVersion = 16.3;
						TestTargetID = 9EBA12602DE3ACB3006374A0;
					};
				};
			};
			buildConfigurationList = 9EBA125C2DE3ACB3006374A0 /* Build configuration list for PBXProject "ColorCalc" */;
			developmentRegion = en;
			hasScannedForEncodings = 0;
			knownRegions = (
				en,
				Base,
			);
			mainGroup = 9EBA12582DE3ACB3006374A0;
			minimizedProjectReferenceProxies = 1;
			preferredProjectObjectVersion = 77;
			productRefGroup = 9EBA12622DE3ACB3006374A0 /* Products */;
			projectDirPath = "";
			projectRoot = "";
			targets = (
				9EBA12602DE3ACB3006374A0 /* ColorCalc */,
				9EBA126D2DE3ACB8006374A0 /* ColorCalcTests */,
				9EBA12772DE3ACB8006374A0 /* ColorCalcUITests */,
			);
		};
/* End PBXProject section */

/* Begin PBXResourcesBuildPhase section */
		9EBA125F2DE3ACB3006374A0 /* Resources */ = {
			isa = PBXResourcesBuildPhase;
			buildActionMask = 2147483647;
			files = (
			);
			runOnlyForDeploymentPostprocessing = 0;
		};
		9EBA126C2DE3ACB8006374A0 /* Resources */ = {
			isa = PBXResourcesBuildPhase;
			buildActionMask = 2147483647;
			files = (
			);
			runOnlyForDeploymentPostprocessing = 0;
		};
		9EBA12762DE3ACB8006374A0 /* Resources */ = {
			isa = PBXResourcesBuildPhase;
			buildActionMask = 2147483647;
			files = (
			);
			runOnlyForDeploymentPostprocessing = 0;
		};
/* End PBXResourcesBuildPhase section */

/* Begin PBXSourcesBuildPhase section */
		9EBA125D2DE3ACB3006374A0 /* Sources */ = {
			isa = PBXSourcesBuildPhase;
			buildActionMask = 2147483647;
			files = (
			);
			runOnlyForDeploymentPostprocessing = 0;
		};
		9EBA126A2DE3ACB8006374A0 /* Sources */ = {
			isa = PBXSourcesBuildPhase;
			buildActionMask = 2147483647;
			files = (
			);
			runOnlyForDeploymentPostprocessing = 0;
		};
		9EBA12742DE3ACB8006374A0 /* Sources */ = {
			isa = PBXSourcesBuildPhase;
			buildActionMask = 2147483647;
			files = (
			);
			runOnlyForDeploymentPostprocessing = 0;
		};
/* End PBXSourcesBuildPhase section */

/* Begin PBXTargetDependency section */
		9EBA12702DE3ACB8006374A0 /* PBXTargetDependency */ = {
			isa = PBXTargetDependency;
			target = 9EBA12602DE3ACB3006374A0 /* ColorCalc */;
			targetProxy = 9EBA126F2DE3ACB8006374A0 /* PBXContainerItemProxy */;
		};
		9EBA127A2DE3ACB8006374A0 /* PBXTargetDependency */ = {
			isa = PBXTargetDependency;
			target = 9EBA12602DE3ACB3006374A0 /* ColorCalc */;
			targetProxy = 9EBA12792DE3ACB8006374A0 /* PBXContainerItemProxy */;
		};
/* End PBXTargetDependency section */

/* Begin XCBuildConfiguration section */
		9EBA12802DE3ACB9006374A0 /* Debug */ = {
			isa = XCBuildConfiguration;
			buildSettings = {
				ALWAYS_SEARCH_USER_PATHS = NO;
				ASSETCATALOG_COMPILER_GENERATE_SWIFT_ASSET_SYMBOL_EXTENSIONS = YES;
				CLANG_ANALYZER_NONNULL = YES;
				CLANG_ANALYZER_NUMBER_OBJECT_CONVERSION = YES_AGGRESSIVE;
				CLANG_CXX_LANGUAGE_STANDARD = "gnu++20";
				CLANG_ENABLE_MODULES = YES;
				CLANG_ENABLE_OBJC_ARC = YES;
				CLANG_ENABLE_OBJC_WEAK = YES;
				CLANG_WARN_BLOCK_CAPTURE_AUTORELEASING = YES;
				CLANG_WARN_BOOL_CONVERSION = YES;
				CLANG_WARN_COMMA = YES;
				CLANG_WARN_CONSTANT_CONVERSION = YES;
				CLANG_WARN_DEPRECATED_OBJC_IMPLEMENTATIONS = YES;
				CLANG_WARN_DIRECT_OBJC_ISA_USAGE = YES_ERROR;
				CLANG_WARN_DOCUMENTATION_COMMENTS = YES;
				CLANG_WARN_EMPTY_BODY = YES;
				CLANG_WARN_ENUM_CONVERSION = YES;
				CLANG_WARN_INFINITE_RECURSION = YES;
				CLANG_WARN_INT_CONVERSION = YES;
				CLANG_WARN_NON_LITERAL_NULL_CONVERSION = YES;
				CLANG_WARN_OBJC_IMPLICIT_RETAIN_SELF = YES;
				CLANG_WARN_OBJC_LITERAL_CONVERSION = YES;
				CLANG_WARN_OBJC_ROOT_CLASS = YES_ERROR;
				CLANG_WARN_QUOTED_INCLUDE_IN_FRAMEWORK_HEADER = YES;
				CLANG_WARN_RANGE_LOOP_ANALYSIS = YES;
				CLANG_WARN_STRICT_PROTOTYPES = YES;
				CLANG_WARN_SUSPICIOUS_MOVE = YES;
				CLANG_WARN_UNGUARDED_AVAILABILITY = YES_AGGRESSIVE;
				CLANG_WARN_UNREACHABLE_CODE = YES;
				CLANG_WARN__DUPLICATE_METHOD_MATCH = YES;
				COPY_PHASE_STRIP = NO;
				DEBUG_INFORMATION_FORMAT = dwarf;
				ENABLE_STRICT_OBJC_MSGSEND = YES;
				ENABLE_TESTABILITY = YES;
				ENABLE_USER_SCRIPT_SANDBOXING = YES;
				GCC_C_LANGUAGE_STANDARD = gnu17;
				GCC_DYNAMIC_NO_PIC = NO;
				GCC_NO_COMMON_BLOCKS = YES;
				GCC_OPTIMIZATION_LEVEL = 0;
				GCC_PREPROCESSOR_DEFINITIONS = (
					"DEBUG=1",
					"$(inherited)",
				);
				GCC_WARN_64_TO_32_BIT_CONVERSION = YES;
				GCC_WARN_ABOUT_RETURN_TYPE = YES_ERROR;
				GCC_WARN_UNDECLARED_SELECTOR = YES;
				GCC_WARN_UNINITIALIZED_AUTOS = YES_AGGRESSIVE;
				GCC_WARN_UNUSED_FUNCTION = YES;
				GCC_WARN_UNUSED_VARIABLE = YES;
				IPHONEOS_DEPLOYMENT_TARGET = 18.4;
				LOCALIZATION_PREFERS_STRING_CATALOGS = YES;
				MTL_ENABLE_DEBUG_INFO = INCLUDE_SOURCE;
				MTL_FAST_MATH = YES;
				ONLY_ACTIVE_ARCH = YES;
				SDKROOT = iphoneos;
				SWIFT_ACTIVE_COMPILATION_CONDITIONS = "DEBUG $(inherited)";
				SWIFT_OPTIMIZATION_LEVEL = "-Onone";
			};
			name = Debug;
		};
		9EBA12812DE3ACB9006374A0 /* Release */ = {
			isa = XCBuildConfiguration;
			buildSettings = {
				ALWAYS_SEARCH_USER_PATHS = NO;
				ASSETCATALOG_COMPILER_GENERATE_SWIFT_ASSET_SYMBOL_EXTENSIONS = YES;
				CLANG_ANALYZER_NONNULL = YES;
				CLANG_ANALYZER_NUMBER_OBJECT_CONVERSION = YES_AGGRESSIVE;
				CLANG_CXX_LANGUAGE_STANDARD = "gnu++20";
				CLANG_ENABLE_MODULES = YES;
				CLANG_ENABLE_OBJC_ARC = YES;
				CLANG_ENABLE_OBJC_WEAK = YES;
				CLANG_WARN_BLOCK_CAPTURE_AUTORELEASING = YES;
				CLANG_WARN_BOOL_CONVERSION = YES;
				CLANG_WARN_COMMA = YES;
				CLANG_WARN_CONSTANT_CONVERSION = YES;
				CLANG_WARN_DEPRECATED_OBJC_IMPLEMENTATIONS = YES;
				CLANG_WARN_DIRECT_OBJC_ISA_USAGE = YES_ERROR;
				CLANG_WARN_DOCUMENTATION_COMMENTS = YES;
				CLANG_WARN_EMPTY_BODY = YES;
				CLANG_WARN_ENUM_CONVERSION = YES;
				CLANG_WARN_INFINITE_RECURSION = YES;
				CLANG_WARN_INT_CONVERSION = YES;
				CLANG_WARN_NON_LITERAL_NULL_CONVERSION = YES;
				CLANG_WARN_OBJC_IMPLICIT_RETAIN_SELF = YES;
				CLANG_WARN_OBJC_LITERAL_CONVERSION = YES;
				CLANG_WARN_OBJC_ROOT_CLASS = YES_ERROR;
				CLANG_WARN_QUOTED_INCLUDE_IN_FRAMEWORK_HEADER = YES;
				CLANG_WARN_RANGE_LOOP_ANALYSIS = YES;
				CLANG_WARN_STRICT_PROTOTYPES = YES;
				CLANG_WARN_SUSPICIOUS_MOVE = YES;
				CLANG_WARN_UNGUARDED_AVAILABILITY = YES_AGGRESSIVE;
				CLANG_WARN_UNREACHABLE_CODE = YES;
				CLANG_WARN__DUPLICATE_METHOD_MATCH = YES;
				COPY_PHASE_STRIP = NO;
				DEBUG_INFORMATION_FORMAT = "dwarf-with-dsym";
				ENABLE_NS_ASSERTIONS = NO;
				ENABLE_STRICT_OBJC_MSGSEND = YES;
				ENABLE_USER_SCRIPT_SANDBOXING = YES;
				GCC_C_LANGUAGE_STANDARD = gnu17;
				GCC_NO_COMMON_BLOCKS = YES;
				GCC_WARN_64_TO_32_BIT_CONVERSION = YES;
				GCC_WARN_ABOUT_RETURN_TYPE = YES_ERROR;
				GCC_WARN_UNDECLARED_SELECTOR = YES;
				GCC_WARN_UNINITIALIZED_AUTOS = YES_AGGRESSIVE;
				GCC_WARN_UNUSED_FUNCTION = YES;
				GCC_WARN_UNUSED_VARIABLE = YES;
				IPHONEOS_DEPLOYMENT_TARGET = 18.4;
				LOCALIZATION_PREFERS_STRING_CATALOGS = YES;
				MTL_ENABLE_DEBUG_INFO = NO;
				MTL_FAST_MATH = YES;
				SDKROOT = iphoneos;
				SWIFT_COMPILATION_MODE = wholemodule;
				VALIDATE_PRODUCT = YES;
			};
			name = Release;
		};
		9EBA12832DE3ACB9006374A0 /* Debug */ = {
			isa = XCBuildConfiguration;
			buildSettings = {
				ASSETCATALOG_COMPILER_APPICON_NAME = AppIcon;
				ASSETCATALOG_COMPILER_GLOBAL_ACCENT_COLOR_NAME = AccentColor;
				CODE_SIGN_STYLE = Automatic;
				CURRENT_PROJECT_VERSION = 1;
				DEVELOPMENT_TEAM = N2825KZYMA;
				ENABLE_PREVIEWS = YES;
				GENERATE_INFOPLIST_FILE = YES;
				INFOPLIST_KEY_NSCameraUsageDescription = "Camera Reqiured ";
				INFOPLIST_KEY_UIApplicationSceneManifest_Generation = YES;
				INFOPLIST_KEY_UIApplicationSupportsIndirectInputEvents = YES;
				INFOPLIST_KEY_UILaunchScreen_Generation = YES;
				INFOPLIST_KEY_UISupportedInterfaceOrientations_iPad = "UIInterfaceOrientationPortrait UIInterfaceOrientationPortraitUpsideDown UIInterfaceOrientationLandscapeLeft UIInterfaceOrientationLandscapeRight";
				INFOPLIST_KEY_UISupportedInterfaceOrientations_iPhone = "UIInterfaceOrientationPortrait UIInterfaceOrientationLandscapeLeft UIInterfaceOrientationLandscapeRight";
				LD_RUNPATH_SEARCH_PATHS = (
					"$(inherited)",
					"@executable_path/Frameworks",
				);
				MARKETING_VERSION = 1.0;
				PRODUCT_BUNDLE_IDENTIFIER = com.ColorCalc;
				PRODUCT_NAME = "$(TARGET_NAME)";
				SWIFT_EMIT_LOC_STRINGS = YES;
				SWIFT_VERSION = 5.0;
				TARGETED_DEVICE_FAMILY = "1,2";
			};
			name = Debug;
		};
		9EBA12842DE3ACB9006374A0 /* Release */ = {
			isa = XCBuildConfiguration;
			buildSettings = {
				ASSETCATALOG_COMPILER_APPICON_NAME = AppIcon;
				ASSETCATALOG_COMPILER_GLOBAL_ACCENT_COLOR_NAME = AccentColor;
				CODE_SIGN_STYLE = Automatic;
				CURRENT_PROJECT_VERSION = 1;
				DEVELOPMENT_TEAM = N2825KZYMA;
				ENABLE_PREVIEWS = YES;
				GENERATE_INFOPLIST_FILE = YES;
				INFOPLIST_KEY_NSCameraUsageDescription = "Camera Reqiured ";
				INFOPLIST_KEY_UIApplicationSceneManifest_Generation = YES;
				INFOPLIST_KEY_UIApplicationSupportsIndirectInputEvents = YES;
				INFOPLIST_KEY_UILaunchScreen_Generation = YES;
				INFOPLIST_KEY_UISupportedInterfaceOrientations_iPad = "UIInterfaceOrientationPortrait UIInterfaceOrientationPortraitUpsideDown UIInterfaceOrientationLandscapeLeft UIInterfaceOrientationLandscapeRight";
				INFOPLIST_KEY_UISupportedInterfaceOrientations_iPhone = "UIInterfaceOrientationPortrait UIInterfaceOrientationLandscapeLeft UIInterfaceOrientationLandscapeRight";
				LD_RUNPATH_SEARCH_PATHS = (
					"$(inherited)",
					"@executable_path/Frameworks",
				);
				MARKETING_VERSION = 1.0;
				PRODUCT_BUNDLE_IDENTIFIER = com.ColorCalc;
				PRODUCT_NAME = "$(TARGET_NAME)";
				SWIFT_EMIT_LOC_STRINGS = YES;
				SWIFT_VERSION = 5.0;
				TARGETED_DEVICE_FAMILY = "1,2";
			};
			name = Release;
		};
		9EBA12862DE3ACB9006374A0 /* Debug */ = {
			isa = XCBuildConfiguration;
			buildSettings = {
				BUNDLE_LOADER = "$(TEST_HOST)";
				CODE_SIGN_STYLE = Automatic;
				CURRENT_PROJECT_VERSION = 1;
				GENERATE_INFOPLIST_FILE = YES;
				IPHONEOS_DEPLOYMENT_TARGET = 18.4;
				MARKETING_VERSION = 1.0;
				PRODUCT_BUNDLE_IDENTIFIER = com.ColorCalcTests;
				PRODUCT_NAME = "$(TARGET_NAME)";
				SWIFT_EMIT_LOC_STRINGS = NO;
				SWIFT_VERSION = 5.0;
				TARGETED_DEVICE_FAMILY = "1,2";
				TEST_HOST = "$(BUILT_PRODUCTS_DIR)/ColorCalc.app/$(BUNDLE_EXECUTABLE_FOLDER_PATH)/ColorCalc";
			};
			name = Debug;
		};
		9EBA12872DE3ACB9006374A0 /* Release */ = {
			isa = XCBuildConfiguration;
			buildSettings = {
				BUNDLE_LOADER = "$(TEST_HOST)";
				CODE_SIGN_STYLE = Automatic;
				CURRENT_PROJECT_VERSION = 1;
				GENERATE_INFOPLIST_FILE = YES;
				IPHONEOS_DEPLOYMENT_TARGET = 18.4;
				MARKETING_VERSION = 1.0;
				PRODUCT_BUNDLE_IDENTIFIER = com.ColorCalcTests;
				PRODUCT_NAME = "$(TARGET_NAME)";
				SWIFT_EMIT_LOC_STRINGS = NO;
				SWIFT_VERSION = 5.0;
				TARGETED_DEVICE_FAMILY = "1,2";
				TEST_HOST = "$(BUILT_PRODUCTS_DIR)/ColorCalc.app/$(BUNDLE_EXECUTABLE_FOLDER_PATH)/ColorCalc";
			};
			name = Release;
		};
		9EBA12892DE3ACB9006374A0 /* Debug */ = {
			isa = XCBuildConfiguration;
			buildSettings = {
				CODE_SIGN_STYLE = Automatic;
				CURRENT_PROJECT_VERSION = 1;
				GENERATE_INFOPLIST_FILE = YES;
				MARKETING_VERSION = 1.0;
				PRODUCT_BUNDLE_IDENTIFIER = com.ColorCalcUITests;
				PRODUCT_NAME = "$(TARGET_NAME)";
				SWIFT_EMIT_LOC_STRINGS = NO;
				SWIFT_VERSION = 5.0;
				TARGETED_DEVICE_FAMILY = "1,2";
				TEST_TARGET_NAME = ColorCalc;
			};
			name = Debug;
		};
		9EBA128A2DE3ACB9006374A0 /* Release */ = {
			isa = XCBuildConfiguration;
			buildSettings = {
				CODE_SIGN_STYLE = Automatic;
				CURRENT_PROJECT_VERSION = 1;
				GENERATE_INFOPLIST_FILE = YES;
				MARKETING_VERSION = 1.0;
				PRODUCT_BUNDLE_IDENTIFIER = com.ColorCalcUITests;
				PRODUCT_NAME = "$(TARGET_NAME)";
				SWIFT_EMIT_LOC_STRINGS = NO;
				SWIFT_VERSION = 5.0;
				TARGETED_DEVICE_FAMILY = "1,2";
				TEST_TARGET_NAME = ColorCalc;
			};
			name = Release;
		};
/* End XCBuildConfiguration section */

/* Begin XCConfigurationList section */
		9EBA125C2DE3ACB3006374A0 /* Build configuration list for PBXProject "ColorCalc" */ = {
			isa = XCConfigurationList;
			buildConfigurations = (
				9EBA12802DE3ACB9006374A0 /* Debug */,
				9EBA12812DE3ACB9006374A0 /* Release */,
			);
			defaultConfigurationIsVisible = 0;
			defaultConfigurationName = Release;
		};
		9EBA12822DE3ACB9006374A0 /* Build configuration list for PBXNativeTarget "ColorCalc" */ = {
			isa = XCConfigurationList;
			buildConfigurations = (
				9EBA12832DE3ACB9006374A0 /* Debug */,
				9EBA12842DE3ACB9006374A0 /* Release */,
			);
			defaultConfigurationIsVisible = 0;
			defaultConfigurationName = Release;
		};
		9EBA12852DE3ACB9006374A0 /* Build configuration list for PBXNativeTarget "ColorCalcTests" */ = {
			isa = XCConfigurationList;
			buildConfigurations = (
				9EBA12862DE3ACB9006374A0 /* Debug */,
				9EBA12872DE3ACB9006374A0 /* Release */,
			);
			defaultConfigurationIsVisible = 0;
			defaultConfigurationName = Release;
		};
		9EBA12882DE3ACB9006374A0 /* Build configuration list for PBXNativeTarget "ColorCalcUITests" */ = {
			isa = XCConfigurationList;
			buildConfigurations = (
				9EBA12892DE3ACB9006374A0 /* Debug */,
				9EBA128A2DE3ACB9006374A0 /* Release */,
			);
			defaultConfigurationIsVisible = 0;
			defaultConfigurationName = Release;
		};
/* End XCConfigurationList section */
	};
	rootObject = 9EBA12592DE3ACB3006374A0 /* Project object */;
}
